// !$*UTF8*$!
{
	archiveVersion = 1;
	classes = {
	};
	objectVersion = 50;
	objects = {

/* Begin PBXBuildFile section */
		22A6D2A920AC9A5100FD8997 /* AppDelegate.swift in Sources */ = {isa = PBXBuildFile; fileRef = 22A6D2A820AC9A5100FD8997 /* AppDelegate.swift */; };
		22A6D2AB20AC9A5100FD8997 /* ViewController.swift in Sources */ = {isa = PBXBuildFile; fileRef = 22A6D2AA20AC9A5100FD8997 /* ViewController.swift */; };
		22A6D2AE20AC9A5100FD8997 /* Main.storyboard in Resources */ = {isa = PBXBuildFile; fileRef = 22A6D2AC20AC9A5100FD8997 /* Main.storyboard */; };
		22A6D2B020AC9A5200FD8997 /* Assets.xcassets in Resources */ = {isa = PBXBuildFile; fileRef = 22A6D2AF20AC9A5200FD8997 /* Assets.xcassets */; };
		22A6D2B320AC9A5200FD8997 /* LaunchScreen.storyboard in Resources */ = {isa = PBXBuildFile; fileRef = 22A6D2B120AC9A5200FD8997 /* LaunchScreen.storyboard */; };
		22A6D2BC20AC9A8300FD8997 /* BirthdayModel.xcdatamodeld in Sources */ = {isa = PBXBuildFile; fileRef = 22A6D2BA20AC9A8300FD8997 /* BirthdayModel.xcdatamodeld */; };
/* End PBXBuildFile section */

/* Begin PBXFileReference section */
		22A6D2A520AC9A5100FD8997 /* RamansPerfectBirthday.app */ = {isa = PBXFileReference; explicitFileType = wrapper.application; includeInIndex = 0; path = RamansPerfectBirthday.app; sourceTree = BUILT_PRODUCTS_DIR; };
		22A6D2A820AC9A5100FD8997 /* AppDelegate.swift */ = {isa = PBXFileReference; lastKnownFileType = sourcecode.swift; path = AppDelegate.swift; sourceTree = "<group>"; };
		22A6D2AA20AC9A5100FD8997 /* ViewController.swift */ = {isa = PBXFileReference; lastKnownFileType = sourcecode.swift; path = ViewController.swift; sourceTree = "<group>"; };
		22A6D2AD20AC9A5100FD8997 /* Base */ = {isa = PBXFileReference; lastKnownFileType = file.storyboard; name = Base; path = Base.lproj/Main.storyboard; sourceTree = "<group>"; };
		22A6D2AF20AC9A5200FD8997 /* Assets.xcassets */ = {isa = PBXFileReference; lastKnownFileType = folder.assetcatalog; path = Assets.xcassets; sourceTree = "<group>"; };
		22A6D2B220AC9A5200FD8997 /* Base */ = {isa = PBXFileReference; lastKnownFileType = file.storyboard; name = Base; path = Base.lproj/LaunchScreen.storyboard; sourceTree = "<group>"; };
		22A6D2B420AC9A5200FD8997 /* Info.plist */ = {isa = PBXFileReference; lastKnownFileType = text.plist.xml; path = Info.plist; sourceTree = "<group>"; };
		22A6D2BB20AC9A8300FD8997 /* BirthdayModel.xcdatamodel */ = {isa = PBXFileReference; lastKnownFileType = wrapper.xcdatamodel; path = BirthdayModel.xcdatamodel; sourceTree = "<group>"; };
/* End PBXFileReference section */

/* Begin PBXFrameworksBuildPhase section */
		22A6D2A220AC9A5100FD8997 /* Frameworks */ = {
			isa = PBXFrameworksBuildPhase;
			buildActionMask = 2147483647;
			files = (
			);
			runOnlyForDeploymentPostprocessing = 0;
		};
/* End PBXFrameworksBuildPhase section */

/* Begin PBXGroup section */
		22A6D29C20AC9A5100FD8997 = {
			isa = PBXGroup;
			children = (
				22A6D2A720AC9A5100FD8997 /* RamansPerfectBirthday */,
				22A6D2A620AC9A5100FD8997 /* Products */,
			);
			sourceTree = "<group>";
		};
		22A6D2A620AC9A5100FD8997 /* Products */ = {
			isa = PBXGroup;
			children = (
				22A6D2A520AC9A5100FD8997 /* RamansPerfectBirthday.app */,
			);
			name = Products;
			sourceTree = "<group>";
		};
		22A6D2A720AC9A5100FD8997 /* RamansPerfectBirthday */ = {
			isa = PBXGroup;
			children = (
				22A6D2A820AC9A5100FD8997 /* AppDelegate.swift */,
				22A6D2AA20AC9A5100FD8997 /* ViewController.swift */,
				22A6D2BA20AC9A8300FD8997 /* BirthdayModel.xcdatamodeld */,
				22A6D2AC20AC9A5100FD8997 /* Main.storyboard */,
				22A6D2AF20AC9A5200FD8997 /* Assets.xcassets */,
				22A6D2B120AC9A5200FD8997 /* LaunchScreen.storyboard */,
				22A6D2B420AC9A5200FD8997 /* Info.plist */,
			);
			path = RamansPerfectBirthday;
			sourceTree = "<group>";
		};
/* End PBXGroup section */

/* Begin PBXNativeTarget section */
		22A6D2A420AC9A5100FD8997 /* RamansPerfectBirthday */ = {
			isa = PBXNativeTarget;
			buildConfigurationList = 22A6D2B720AC9A5200FD8997 /* Build configuration list for PBXNativeTarget "RamansPerfectBirthday" */;
			buildPhases = (
				22A6D2A120AC9A5100FD8997 /* Sources */,
				22A6D2A220AC9A5100FD8997 /* Frameworks */,
				22A6D2A320AC9A5100FD8997 /* Resources */,
			);
			buildRules = (
			);
			dependencies = (
			);
			name = RamansPerfectBirthday;
			productName = RamansPerfectBirthday;
			productReference = 22A6D2A520AC9A5100FD8997 /* RamansPerfectBirthday.app */;
			productType = "com.apple.product-type.application";
		};
/* End PBXNativeTarget section */

/* Begin PBXProject section */
		22A6D29D20AC9A5100FD8997 /* Project object */ = {
			isa = PBXProject;
			attributes = {
				LastSwiftUpdateCheck = 0930;
				LastUpgradeCheck = 0930;
				ORGANIZATIONNAME = "meech-ward";
				TargetAttributes = {
					22A6D2A420AC9A5100FD8997 = {
						CreatedOnToolsVersion = 9.3.1;
					};
				};
			};
			buildConfigurationList = 22A6D2A020AC9A5100FD8997 /* Build configuration list for PBXProject "RamansPerfectBirthday" */;
			compatibilityVersion = "Xcode 9.3";
			developmentRegion = en;
			hasScannedForEncodings = 0;
			knownRegions = (
				en,
				Base,
			);
			mainGroup = 22A6D29C20AC9A5100FD8997;
			productRefGroup = 22A6D2A620AC9A5100FD8997 /* Products */;
			projectDirPath = "";
			projectRoot = "";
			targets = (
				22A6D2A420AC9A5100FD8997 /* RamansPerfectBirthday */,
			);
		};
/* End PBXProject section */

/* Begin PBXResourcesBuildPhase section */
		22A6D2A320AC9A5100FD8997 /* Resources */ = {
			isa = PBXResourcesBuildPhase;
			buildActionMask = 2147483647;
			files = (
				22A6D2B320AC9A5200FD8997 /* LaunchScreen.storyboard in Resources */,
				22A6D2B020AC9A5200FD8997 /* Assets.xcassets in Resources */,
				22A6D2AE20AC9A5100FD8997 /* Main.storyboard in Resources */,
			);
			runOnlyForDeploymentPostprocessing = 0;
		};
/* End PBXResourcesBuildPhase section */

/* Begin PBXSourcesBuildPhase section */
		22A6D2A120AC9A5100FD8997 /* Sources */ = {
			isa = PBXSourcesBuildPhase;
			buildActionMask = 2147483647;
			files = (
				22A6D2AB20AC9A5100FD8997 /* ViewController.swift in Sources */,
				22A6D2A920AC9A5100FD8997 /* AppDelegate.swift in Sources */,
				22A6D2BC20AC9A8300FD8997 /* BirthdayModel.xcdatamodeld in Sources */,
			);
			runOnlyForDeploymentPostprocessing = 0;
		};
/* End PBXSourcesBuildPhase section */

/* Begin PBXVariantGroup section */
		22A6D2AC20AC9A5100FD8997 /* Main.storyboard */ = {
			isa = PBXVariantGroup;
			children = (
				22A6D2AD20AC9A5100FD8997 /* Base */,
			);
			name = Main.storyboard;
			sourceTree = "<group>";
		};
		22A6D2B120AC9A5200FD8997 /* LaunchScreen.storyboard */ = {
			isa = PBXVariantGroup;
			children = (
				22A6D2B220AC9A5200FD8997 /* Base */,
			);
			name = LaunchScreen.storyboard;
			sourceTree = "<group>";
		};
/* End PBXVariantGroup section */

/* Begin XCBuildConfiguration section */
		22A6D2B520AC9A5200FD8997 /* Debug */ = {
			isa = XCBuildConfiguration;
			buildSettings = {
				ALWAYS_SEARCH_USER_PATHS = NO;
				CLANG_ANALYZER_NONNULL = YES;
				CLANG_ANALYZER_NUMBER_OBJECT_CONVERSION = YES_AGGRESSIVE;
				CLANG_CXX_LANGUAGE_STANDARD = "gnu++14";
				CLANG_CXX_LIBRARY = "libc++";
				CLANG_ENABLE_MODULES = YES;
				CLANG_ENABLE_OBJC_ARC = YES;
				CLANG_ENABLE_OBJC_WEAK = YES;
				CLANG_WARN_BLOCK_CAPTURE_AUTORELEASING = YES;
				CLANG_WARN_BOOL_CONVERSION = YES;
				CLANG_WARN_COMMA = YES;
				CLANG_WARN_CONSTANT_CONVERSION = YES;
				CLANG_WARN_DEPRECATED_OBJC_IMPLEMENTATIONS = YES;
				CLANG_WARN_DIRECT_OBJC_ISA_USAGE = YES_ERROR;
				CLANG_WARN_DOCUMENTATION_COMMENTS = YES;
				CLANG_WARN_EMPTY_BODY = YES;
				CLANG_WARN_ENUM_CONVERSION = YES;
				CLANG_WARN_INFINITE_RECURSION = YES;
				CLANG_WARN_INT_CONVERSION = YES;
				CLANG_WARN_NON_LITERAL_NULL_CONVERSION = YES;
				CLANG_WARN_OBJC_IMPLICIT_RETAIN_SELF = YES;
				CLANG_WARN_OBJC_LITERAL_CONVERSION = YES;
				CLANG_WARN_OBJC_ROOT_CLASS = YES_ERROR;
				CLANG_WARN_RANGE_LOOP_ANALYSIS = YES;
				CLANG_WARN_STRICT_PROTOTYPES = YES;
				CLANG_WARN_SUSPICIOUS_MOVE = YES;
				CLANG_WARN_UNGUARDED_AVAILABILITY = YES_AGGRESSIVE;
				CLANG_WARN_UNREACHABLE_CODE = YES;
				CLANG_WARN__DUPLICATE_METHOD_MATCH = YES;
				CODE_SIGN_IDENTITY = "iPhone Developer";
				COPY_PHASE_STRIP = NO;
				DEBUG_INFORMATION_FORMAT = dwarf;
				ENABLE_STRICT_OBJC_MSGSEND = YES;
				ENABLE_TESTABILITY = YES;
				GCC_C_LANGUAGE_STANDARD = gnu11;
				GCC_DYNAMIC_NO_PIC = NO;
				GCC_NO_COMMON_BLOCKS = YES;
				GCC_OPTIMIZATION_LEVEL = 0;
				GCC_PREPROCESSOR_DEFINITIONS = (
					"DEBUG=1",
					"$(inherited)",
				);
				GCC_WARN_64_TO_32_BIT_CONVERSION = YES;
				GCC_WARN_ABOUT_RETURN_TYPE = YES_ERROR;
				GCC_WARN_UNDECLARED_SELECTOR = YES;
				GCC_WARN_UNINITIALIZED_AUTOS = YES_AGGRESSIVE;
				GCC_WARN_UNUSED_FUNCTION = YES;
				GCC_WARN_UNUSED_VARIABLE = YES;
				IPHONEOS_DEPLOYMENT_TARGET = 11.3;
				MTL_ENABLE_DEBUG_INFO = YES;
				ONLY_ACTIVE_ARCH = YES;
				SDKROOT = iphoneos;
				SWIFT_ACTIVE_COMPILATION_CONDITIONS = DEBUG;
				SWIFT_OPTIMIZATION_LEVEL = "-Onone";
			};
			name = Debug;
		};
		22A6D2B620AC9A5200FD8997 /* Release */ = {
			isa = XCBuildConfiguration;
			buildSettings = {
				ALWAYS_SEARCH_USER_PATHS = NO;
				CLANG_ANALYZER_NONNULL = YES;
				CLANG_ANALYZER_NUMBER_OBJECT_CONVERSION = YES_AGGRESSIVE;
				CLANG_CXX_LANGUAGE_STANDARD = "gnu++14";
				CLANG_CXX_LIBRARY = "libc++";
				CLANG_ENABLE_MODULES = YES;
				CLANG_ENABLE_OBJC_ARC = YES;
				CLANG_ENABLE_OBJC_WEAK = YES;
				CLANG_WARN_BLOCK_CAPTURE_AUTORELEASING = YES;
				CLANG_WARN_BOOL_CONVERSION = YES;
				CLANG_WARN_COMMA = YES;
				CLANG_WARN_CONSTANT_CONVERSION = YES;
				CLANG_WARN_DEPRECATED_OBJC_IMPLEMENTATIONS = YES;
				CLANG_WARN_DIRECT_OBJC_ISA_USAGE = YES_ERROR;
				CLANG_WARN_DOCUMENTATION_COMMENTS = YES;
				CLANG_WARN_EMPTY_BODY = YES;
				CLANG_WARN_ENUM_CONVERSION = YES;
				CLANG_WARN_INFINITE_RECURSION = YES;
				CLANG_WARN_INT_CONVERSION = YES;
				CLANG_WARN_NON_LITERAL_NULL_CONVERSION = YES;
				CLANG_WARN_OBJC_IMPLICIT_RETAIN_SELF = YES;
				CLANG_WARN_OBJC_LITERAL_CONVERSION = YES;
				CLANG_WARN_OBJC_ROOT_CLASS = YES_ERROR;
				CLANG_WARN_RANGE_LOOP_ANALYSIS = YES;
				CLANG_WARN_STRICT_PROTOTYPES = YES;
				CLANG_WARN_SUSPICIOUS_MOVE = YES;
				CLANG_WARN_UNGUARDED_AVAILABILITY = YES_AGGRESSIVE;
				CLANG_WARN_UNREACHABLE_CODE = YES;
				CLANG_WARN__DUPLICATE_METHOD_MATCH = YES;
				CODE_SIGN_IDENTITY = "iPhone Developer";
				COPY_PHASE_STRIP = NO;
				DEBUG_INFORMATION_FORMAT = "dwarf-with-dsym";
				ENABLE_NS_ASSERTIONS = NO;
				ENABLE_STRICT_OBJC_MSGSEND = YES;
				GCC_C_LANGUAGE_STANDARD = gnu11;
				GCC_NO_COMMON_BLOCKS = YES;
				GCC_WARN_64_TO_32_BIT_CONVERSION = YES;
				GCC_WARN_ABOUT_RETURN_TYPE = YES_ERROR;
				GCC_WARN_UNDECLARED_SELECTOR = YES;
				GCC_WARN_UNINITIALIZED_AUTOS = YES_AGGRESSIVE;
				GCC_WARN_UNUSED_FUNCTION = YES;
				GCC_WARN_UNUSED_VARIABLE = YES;
				IPHONEOS_DEPLOYMENT_TARGET = 11.3;
				MTL_ENABLE_DEBUG_INFO = NO;
				SDKROOT = iphoneos;
				SWIFT_COMPILATION_MODE = wholemodule;
				SWIFT_OPTIMIZATION_LEVEL = "-O";
				VALIDATE_PRODUCT = YES;
			};
			name = Release;
		};
		22A6D2B820AC9A5200FD8997 /* Debug */ = {
			isa = XCBuildConfiguration;
			buildSettings = {
				ASSETCATALOG_COMPILER_APPICON_NAME = AppIcon;
				CODE_SIGN_STYLE = Automatic;
				DEVELOPMENT_TEAM = 7GT6EK8D4J;
				INFOPLIST_FILE = RamansPerfectBirthday/Info.plist;
				LD_RUNPATH_SEARCH_PATHS = (
					"$(inherited)",
					"@executable_path/Frameworks",
				);
				PRODUCT_BUNDLE_IDENTIFIER = "com.meech-ward.RamansPerfectBirthday";
				PRODUCT_NAME = "$(TARGET_NAME)";
				SWIFT_VERSION = 4.0;
				TARGETED_DEVICE_FAMILY = "1,2";
			};
			name = Debug;
		};
		22A6D2B920AC9A5200FD8997 /* Release */ = {
			isa = XCBuildConfiguration;
			buildSettings = {
				ASSETCATALOG_COMPILER_APPICON_NAME = AppIcon;
				CODE_SIGN_STYLE = Automatic;
				DEVELOPMENT_TEAM = 7GT6EK8D4J;
				INFOPLIST_FILE = RamansPerfectBirthday/Info.plist;
				LD_RUNPATH_SEARCH_PATHS = (
					"$(inherited)",
					"@executable_path/Frameworks",
				);
				PRODUCT_BUNDLE_IDENTIFIER = "com.meech-ward.RamansPerfectBirthday";
				PRODUCT_NAME = "$(TARGET_NAME)";
				SWIFT_VERSION = 4.0;
				TARGETED_DEVICE_FAMILY = "1,2";
			};
			name = Release;
		};
/* End XCBuildConfiguration section */

/* Begin XCConfigurationList section */
		22A6D2A020AC9A5100FD8997 /* Build configuration list for PBXProject "RamansPerfectBirthday" */ = {
			isa = XCConfigurationList;
			buildConfigurations = (
				22A6D2B520AC9A5200FD8997 /* Debug */,
				22A6D2B620AC9A5200FD8997 /* Release */,
			);
			defaultConfigurationIsVisible = 0;
			defaultConfigurationName = Release;
		};
		22A6D2B720AC9A5200FD8997 /* Build configuration list for PBXNativeTarget "RamansPerfectBirthday" */ = {
			isa = XCConfigurationList;
			buildConfigurations = (
				22A6D2B820AC9A5200FD8997 /* Debug */,
				22A6D2B920AC9A5200FD8997 /* Release */,
			);
			defaultConfigurationIsVisible = 0;
			defaultConfigurationName = Release;
		};
/* End XCConfigurationList section */

/* Begin XCVersionGroup section */
		22A6D2BA20AC9A8300FD8997 /* BirthdayModel.xcdatamodeld */ = {
			isa = XCVersionGroup;
			children = (
				22A6D2BB20AC9A8300FD8997 /* BirthdayModel.xcdatamodel */,
			);
			currentVersion = 22A6D2BB20AC9A8300FD8997 /* BirthdayModel.xcdatamodel */;
			path = BirthdayModel.xcdatamodeld;
			sourceTree = "<group>";
			versionGroupType = wrapper.xcdatamodel;
		};
/* End XCVersionGroup section */
	};
	rootObject = 22A6D29D20AC9A5100FD8997 /* Project object */;
}
